
Microsoft Visual Studio Solution File, Format Version 12.00
# Visual Studio 14
VisualStudioVersion = 14.0.23107.0
MinimumVisualStudioVersion = 10.0.40219.1
Project("{8BC9CEB8-8B4A-11D0-8D11-00A0C91BC942}") = "EX05_04", "EX05_04\EX05_04.vcxproj", "{8891D4F9-175B-40CD-85FA-C4DC043A28F8}"
EndProject
Project("{F088123C-0E9E-452A-89E6-6BA2F21D5CAC}") = "EX05_04_uml", "EX05_04_uml\EX05_04_uml.modelproj", "{CC13ED7C-4313-4886-98EA-3C038F7EE796}"
EndProject
Global
	GlobalSection(SolutionConfigurationPlatforms) = preSolution
		Debug|Any CPU = Debug|Any CPU
		Debug|x64 = Debug|x64
		Debug|x86 = Debug|x86
		Release|Any CPU = Release|Any CPU
		Release|x64 = Release|x64
		Release|x86 = Release|x86
	EndGlobalSection
	GlobalSection(ProjectConfigurationPlatforms) = postSolution
		{8891D4F9-175B-40CD-85FA-C4DC043A28F8}.Debug|Any CPU.ActiveCfg = Debug|Win32
		{8891D4F9-175B-40CD-85FA-C4DC043A28F8}.Debug|x64.ActiveCfg = Debug|x64
		{8891D4F9-175B-40CD-85FA-C4DC043A28F8}.Debug|x64.Build.0 = Debug|x64
		{8891D4F9-175B-40CD-85FA-C4DC043A28F8}.Debug|x86.ActiveCfg = Debug|Win32
		{8891D4F9-175B-40CD-85FA-C4DC043A28F8}.Debug|x86.Build.0 = Debug|Win32
		{8891D4F9-175B-40CD-85FA-C4DC043A28F8}.Release|Any CPU.ActiveCfg = Release|Win32
		{8891D4F9-175B-40CD-85FA-C4DC043A28F8}.Release|x64.ActiveCfg = Release|x64
		{8891D4F9-175B-40CD-85FA-C4DC043A28F8}.Release|x64.Build.0 = Release|x64
		{8891D4F9-175B-40CD-85FA-C4DC043A28F8}.Release|x86.ActiveCfg = Release|Win32
		{8891D4F9-175B-40CD-85FA-C4DC043A28F8}.Release|x86.Build.0 = Release|Win32
		{CC13ED7C-4313-4886-98EA-3C038F7EE796}.Debug|Any CPU.ActiveCfg = Debug|Any CPU
		{CC13ED7C-4313-4886-98EA-3C038F7EE796}.Debug|Any CPU.Build.0 = Debug|Any CPU
		{CC13ED7C-4313-4886-98EA-3C038F7EE796}.Debug|x64.ActiveCfg = Debug|Any CPU
		{CC13ED7C-4313-4886-98EA-3C038F7EE796}.Debug|x64.Build.0 = Debug|Any CPU
		{CC13ED7C-4313-4886-98EA-3C038F7EE796}.Debug|x86.ActiveCfg = Debug|Any CPU
		{CC13ED7C-4313-4886-98EA-3C038F7EE796}.Debug|x86.Build.0 = Debug|Any CPU
		{CC13ED7C-4313-4886-98EA-3C038F7EE796}.Release|Any CPU.ActiveCfg = Release|Any CPU
		{CC13ED7C-4313-4886-98EA-3C038F7EE796}.Release|Any CPU.Build.0 = Release|Any CPU
		{CC13ED7C-4313-4886-98EA-3C038F7EE796}.Release|x64.ActiveCfg = Release|Any CPU
		{CC13ED7C-4313-4886-98EA-3C038F7EE796}.Release|x64.Build.0 = Release|Any CPU
		{CC13ED7C-4313-4886-98EA-3C038F7EE796}.Release|x86.ActiveCfg = Release|Any CPU
		{CC13ED7C-4313-4886-98EA-3C038F7EE796}.Release|x86.Build.0 = Release|Any CPU
	EndGlobalSection
	GlobalSection(SolutionProperties) = preSolution
		HideSolutionNode = FALSE
	EndGlobalSection
EndGlobal
